
Microsoft Visual Studio Solution File, Format Version 12.00
# Visual Studio 15
VisualStudioVersion = 15.0.28010.2048
MinimumVisualStudioVersion = 10.0.40219.1
Project("{FAE04EC0-301F-11D3-BF4B-00C04F79EFBC}") = "BrussellerModel", "BrussellerModel\BrussellerModel.csproj", "{3768703E-BE4A-4511-B21D-F5AB449947E8}"
EndProject
Global
	GlobalSection(SolutionConfigurationPlatforms) = preSolution
		Debug|Any CPU = Debug|Any CPU
		Release|Any CPU = Release|Any CPU
	EndGlobalSection
	GlobalSection(ProjectConfigurationPlatforms) = postSolution
		{3768703E-BE4A-4511-B21D-F5AB449947E8}.Debug|Any CPU.ActiveCfg = Debug|Any CPU
		{3768703E-BE4A-4511-B21D-F5AB449947E8}.Debug|Any CPU.Build.0 = Debug|Any CPU
		{3768703E-BE4A-4511-B21D-F5AB449947E8}.Release|Any CPU.ActiveCfg = Release|Any CPU
		{3768703E-BE4A-4511-B21D-F5AB449947E8}.Release|Any CPU.Build.0 = Release|Any CPU
	EndGlobalSection
	GlobalSection(SolutionProperties) = preSolution
		HideSolutionNode = FALSE
	EndGlobalSection
	GlobalSection(ExtensibilityGlobals) = postSolution
		SolutionGuid = {AC76D21D-FD2E-4214-A122-B8683660785C}
	EndGlobalSection
EndGlobal
